// !$*UTF8*$!
{
	archiveVersion = 1;
	classes = {
	};
	objectVersion = 55;
	objects = {

/* Begin PBXBuildFile section */
		0945A85D292C02A500FFF75E /* ProdcutList.swift in Sources */ = {isa = PBXBuildFile; fileRef = 0945A85C292C02A500FFF75E /* ProdcutList.swift */; };
		0945A85F292C059600FFF75E /* Constants.swift in Sources */ = {isa = PBXBuildFile; fileRef = 0945A85E292C059600FFF75E /* Constants.swift */; };
		0945A861292C0A0500FFF75E /* ProductListView.swift in Sources */ = {isa = PBXBuildFile; fileRef = 0945A860292C0A0500FFF75E /* ProductListView.swift */; };
		09D6F8572927FEC1009F4573 /* New_Wave_Store_Set_5App.swift in Sources */ = {isa = PBXBuildFile; fileRef = 09D6F8562927FEC1009F4573 /* New_Wave_Store_Set_5App.swift */; };
		09D6F8592927FEC1009F4573 /* ContentView.swift in Sources */ = {isa = PBXBuildFile; fileRef = 09D6F8582927FEC1009F4573 /* ContentView.swift */; };
		09D6F85B2927FEC2009F4573 /* Assets.xcassets in Resources */ = {isa = PBXBuildFile; fileRef = 09D6F85A2927FEC2009F4573 /* Assets.xcassets */; };
		09D6F85E2927FEC2009F4573 /* Preview Assets.xcassets in Resources */ = {isa = PBXBuildFile; fileRef = 09D6F85D2927FEC2009F4573 /* Preview Assets.xcassets */; };
		09D6F8652928060C009F4573 /* Product.swift in Sources */ = {isa = PBXBuildFile; fileRef = 09D6F8642928060C009F4573 /* Product.swift */; };
/* End PBXBuildFile section */

/* Begin PBXFileReference section */
		0945A85C292C02A500FFF75E /* ProdcutList.swift */ = {isa = PBXFileReference; lastKnownFileType = sourcecode.swift; path = ProdcutList.swift; sourceTree = "<group>"; };
		0945A85E292C059600FFF75E /* Constants.swift */ = {isa = PBXFileReference; lastKnownFileType = sourcecode.swift; path = Constants.swift; sourceTree = "<group>"; };
		0945A860292C0A0500FFF75E /* ProductListView.swift */ = {isa = PBXFileReference; lastKnownFileType = sourcecode.swift; path = ProductListView.swift; sourceTree = "<group>"; };
		09D6F8532927FEC1009F4573 /* New Wave Store Set 5.app */ = {isa = PBXFileReference; explicitFileType = wrapper.application; includeInIndex = 0; path = "New Wave Store Set 5.app"; sourceTree = BUILT_PRODUCTS_DIR; };
		09D6F8562927FEC1009F4573 /* New_Wave_Store_Set_5App.swift */ = {isa = PBXFileReference; lastKnownFileType = sourcecode.swift; path = New_Wave_Store_Set_5App.swift; sourceTree = "<group>"; };
		09D6F8582927FEC1009F4573 /* ContentView.swift */ = {isa = PBXFileReference; lastKnownFileType = sourcecode.swift; path = ContentView.swift; sourceTree = "<group>"; };
		09D6F85A2927FEC2009F4573 /* Assets.xcassets */ = {isa = PBXFileReference; lastKnownFileType = folder.assetcatalog; path = Assets.xcassets; sourceTree = "<group>"; };
		09D6F85D2927FEC2009F4573 /* Preview Assets.xcassets */ = {isa = PBXFileReference; lastKnownFileType = folder.assetcatalog; path = "Preview Assets.xcassets"; sourceTree = "<group>"; };
		09D6F8642928060C009F4573 /* Product.swift */ = {isa = PBXFileReference; lastKnownFileType = sourcecode.swift; path = Product.swift; sourceTree = "<group>"; };
/* End PBXFileReference section */

/* Begin PBXFrameworksBuildPhase section */
		09D6F8502927FEC1009F4573 /* Frameworks */ = {
			isa = PBXFrameworksBuildPhase;
			buildActionMask = 2147483647;
			files = (
			);
			runOnlyForDeploymentPostprocessing = 0;
		};
/* End PBXFrameworksBuildPhase section */

/* Begin PBXGroup section */
		09D6F84A2927FEC1009F4573 = {
			isa = PBXGroup;
			children = (
				09D6F8552927FEC1009F4573 /* New Wave Store Set 5 */,
				09D6F8542927FEC1009F4573 /* Products */,
			);
			sourceTree = "<group>";
		};
		09D6F8542927FEC1009F4573 /* Products */ = {
			isa = PBXGroup;
			children = (
				09D6F8532927FEC1009F4573 /* New Wave Store Set 5.app */,
			);
			name = Products;
			sourceTree = "<group>";
		};
		09D6F8552927FEC1009F4573 /* New Wave Store Set 5 */ = {
			isa = PBXGroup;
			children = (
				09D6F86729280724009F4573 /* Model */,
				09D6F86629280712009F4573 /* Views */,
				09D6F8562927FEC1009F4573 /* New_Wave_Store_Set_5App.swift */,
				09D6F85C2927FEC2009F4573 /* Preview Content */,
				09D6F85A2927FEC2009F4573 /* Assets.xcassets */,
			);
			path = "New Wave Store Set 5";
			sourceTree = "<group>";
		};
		09D6F85C2927FEC2009F4573 /* Preview Content */ = {
			isa = PBXGroup;
			children = (
				09D6F85D2927FEC2009F4573 /* Preview Assets.xcassets */,
			);
			path = "Preview Content";
			sourceTree = "<group>";
		};
		09D6F86629280712009F4573 /* Views */ = {
			isa = PBXGroup;
			children = (
				09D6F8582927FEC1009F4573 /* ContentView.swift */,
				0945A860292C0A0500FFF75E /* ProductListView.swift */,
			);
			path = Views;
			sourceTree = "<group>";
		};
		09D6F86729280724009F4573 /* Model */ = {
			isa = PBXGroup;
			children = (
				09D6F8642928060C009F4573 /* Product.swift */,
				0945A85C292C02A500FFF75E /* ProdcutList.swift */,
				0945A85E292C059600FFF75E /* Constants.swift */,
			);
			path = Model;
			sourceTree = "<group>";
		};
/* End PBXGroup section */

/* Begin PBXNativeTarget section */
		09D6F8522927FEC1009F4573 /* New Wave Store Set 5 */ = {
			isa = PBXNativeTarget;
			buildConfigurationList = 09D6F8612927FEC2009F4573 /* Build configuration list for PBXNativeTarget "New Wave Store Set 5" */;
			buildPhases = (
				09D6F84F2927FEC1009F4573 /* Sources */,
				09D6F8502927FEC1009F4573 /* Frameworks */,
				09D6F8512927FEC1009F4573 /* Resources */,
			);
			buildRules = (
			);
			dependencies = (
			);
			name = "New Wave Store Set 5";
			productName = "New Wave Store Set 5";
			productReference = 09D6F8532927FEC1009F4573 /* New Wave Store Set 5.app */;
			productType = "com.apple.product-type.application";
		};
/* End PBXNativeTarget section */

/* Begin PBXProject section */
		09D6F84B2927FEC1009F4573 /* Project object */ = {
			isa = PBXProject;
			attributes = {
				BuildIndependentTargetsInParallel = 1;
				LastSwiftUpdateCheck = 1340;
				LastUpgradeCheck = 1340;
				TargetAttributes = {
					09D6F8522927FEC1009F4573 = {
						CreatedOnToolsVersion = 13.4.1;
					};
				};
			};
			buildConfigurationList = 09D6F84E2927FEC1009F4573 /* Build configuration list for PBXProject "New Wave Store Set 5" */;
			compatibilityVersion = "Xcode 13.0";
			developmentRegion = en;
			hasScannedForEncodings = 0;
			knownRegions = (
				en,
				Base,
			);
			mainGroup = 09D6F84A2927FEC1009F4573;
			productRefGroup = 09D6F8542927FEC1009F4573 /* Products */;
			projectDirPath = "";
			projectRoot = "";
			targets = (
				09D6F8522927FEC1009F4573 /* New Wave Store Set 5 */,
			);
		};
/* End PBXProject section */

/* Begin PBXResourcesBuildPhase section */
		09D6F8512927FEC1009F4573 /* Resources */ = {
			isa = PBXResourcesBuildPhase;
			buildActionMask = 2147483647;
			files = (
				09D6F85E2927FEC2009F4573 /* Preview Assets.xcassets in Resources */,
				09D6F85B2927FEC2009F4573 /* Assets.xcassets in Resources */,
			);
			runOnlyForDeploymentPostprocessing = 0;
		};
/* End PBXResourcesBuildPhase section */

/* Begin PBXSourcesBuildPhase section */
		09D6F84F2927FEC1009F4573 /* Sources */ = {
			isa = PBXSourcesBuildPhase;
			buildActionMask = 2147483647;
			files = (
				09D6F8592927FEC1009F4573 /* ContentView.swift in Sources */,
				0945A85D292C02A500FFF75E /* ProdcutList.swift in Sources */,
				0945A861292C0A0500FFF75E /* ProductListView.swift in Sources */,
				0945A85F292C059600FFF75E /* Constants.swift in Sources */,
				09D6F8572927FEC1009F4573 /* New_Wave_Store_Set_5App.swift in Sources */,
				09D6F8652928060C009F4573 /* Product.swift in Sources */,
			);
			runOnlyForDeploymentPostprocessing = 0;
		};
/* End PBXSourcesBuildPhase section */

/* Begin XCBuildConfiguration section */
		09D6F85F2927FEC2009F4573 /* Debug */ = {
			isa = XCBuildConfiguration;
			buildSettings = {
				ALWAYS_SEARCH_USER_PATHS = NO;
				CLANG_ANALYZER_NONNULL = YES;
				CLANG_ANALYZER_NUMBER_OBJECT_CONVERSION = YES_AGGRESSIVE;
				CLANG_CXX_LANGUAGE_STANDARD = "gnu++17";
				CLANG_ENABLE_MODULES = YES;
				CLANG_ENABLE_OBJC_ARC = YES;
				CLANG_ENABLE_OBJC_WEAK = YES;
				CLANG_WARN_BLOCK_CAPTURE_AUTORELEASING = YES;
				CLANG_WARN_BOOL_CONVERSION = YES;
				CLANG_WARN_COMMA = YES;
				CLANG_WARN_CONSTANT_CONVERSION = YES;
				CLANG_WARN_DEPRECATED_OBJC_IMPLEMENTATIONS = YES;
				CLANG_WARN_DIRECT_OBJC_ISA_USAGE = YES_ERROR;
				CLANG_WARN_DOCUMENTATION_COMMENTS = YES;
				CLANG_WARN_EMPTY_BODY = YES;
				CLANG_WARN_ENUM_CONVERSION = YES;
				CLANG_WARN_INFINITE_RECURSION = YES;
				CLANG_WARN_INT_CONVERSION = YES;
				CLANG_WARN_NON_LITERAL_NULL_CONVERSION = YES;
				CLANG_WARN_OBJC_IMPLICIT_RETAIN_SELF = YES;
				CLANG_WARN_OBJC_LITERAL_CONVERSION = YES;
				CLANG_WARN_OBJC_ROOT_CLASS = YES_ERROR;
				CLANG_WARN_QUOTED_INCLUDE_IN_FRAMEWORK_HEADER = YES;
				CLANG_WARN_RANGE_LOOP_ANALYSIS = YES;
				CLANG_WARN_STRICT_PROTOTYPES = YES;
				CLANG_WARN_SUSPICIOUS_MOVE = YES;
				CLANG_WARN_UNGUARDED_AVAILABILITY = YES_AGGRESSIVE;
				CLANG_WARN_UNREACHABLE_CODE = YES;
				CLANG_WARN__DUPLICATE_METHOD_MATCH = YES;
				COPY_PHASE_STRIP = NO;
				DEBUG_INFORMATION_FORMAT = dwarf;
				ENABLE_STRICT_OBJC_MSGSEND = YES;
				ENABLE_TESTABILITY = YES;
				GCC_C_LANGUAGE_STANDARD = gnu11;
				GCC_DYNAMIC_NO_PIC = NO;
				GCC_NO_COMMON_BLOCKS = YES;
				GCC_OPTIMIZATION_LEVEL = 0;
				GCC_PREPROCESSOR_DEFINITIONS = (
					"DEBUG=1",
					"$(inherited)",
				);
				GCC_WARN_64_TO_32_BIT_CONVERSION = YES;
				GCC_WARN_ABOUT_RETURN_TYPE = YES_ERROR;
				GCC_WARN_UNDECLARED_SELECTOR = YES;
				GCC_WARN_UNINITIALIZED_AUTOS = YES_AGGRESSIVE;
				GCC_WARN_UNUSED_FUNCTION = YES;
				GCC_WARN_UNUSED_VARIABLE = YES;
				IPHONEOS_DEPLOYMENT_TARGET = 15.5;
				MTL_ENABLE_DEBUG_INFO = INCLUDE_SOURCE;
				MTL_FAST_MATH = YES;
				ONLY_ACTIVE_ARCH = YES;
				SDKROOT = iphoneos;
				SWIFT_ACTIVE_COMPILATION_CONDITIONS = DEBUG;
				SWIFT_OPTIMIZATION_LEVEL = "-Onone";
			};
			name = Debug;
		};
		09D6F8602927FEC2009F4573 /* Release */ = {
			isa = XCBuildConfiguration;
			buildSettings = {
				ALWAYS_SEARCH_USER_PATHS = NO;
				CLANG_ANALYZER_NONNULL = YES;
				CLANG_ANALYZER_NUMBER_OBJECT_CONVERSION = YES_AGGRESSIVE;
				CLANG_CXX_LANGUAGE_STANDARD = "gnu++17";
				CLANG_ENABLE_MODULES = YES;
				CLANG_ENABLE_OBJC_ARC = YES;
				CLANG_ENABLE_OBJC_WEAK = YES;
				CLANG_WARN_BLOCK_CAPTURE_AUTORELEASING = YES;
				CLANG_WARN_BOOL_CONVERSION = YES;
				CLANG_WARN_COMMA = YES;
				CLANG_WARN_CONSTANT_CONVERSION = YES;
				CLANG_WARN_DEPRECATED_OBJC_IMPLEMENTATIONS = YES;
				CLANG_WARN_DIRECT_OBJC_ISA_USAGE = YES_ERROR;
				CLANG_WARN_DOCUMENTATION_COMMENTS = YES;
				CLANG_WARN_EMPTY_BODY = YES;
				CLANG_WARN_ENUM_CONVERSION = YES;
				CLANG_WARN_INFINITE_RECURSION = YES;
				CLANG_WARN_INT_CONVERSION = YES;
				CLANG_WARN_NON_LITERAL_NULL_CONVERSION = YES;
				CLANG_WARN_OBJC_IMPLICIT_RETAIN_SELF = YES;
				CLANG_WARN_OBJC_LITERAL_CONVERSION = YES;
				CLANG_WARN_OBJC_ROOT_CLASS = YES_ERROR;
				CLANG_WARN_QUOTED_INCLUDE_IN_FRAMEWORK_HEADER = YES;
				CLANG_WARN_RANGE_LOOP_ANALYSIS = YES;
				CLANG_WARN_STRICT_PROTOTYPES = YES;
				CLANG_WARN_SUSPICIOUS_MOVE = YES;
				CLANG_WARN_UNGUARDED_AVAILABILITY = YES_AGGRESSIVE;
				CLANG_WARN_UNREACHABLE_CODE = YES;
				CLANG_WARN__DUPLICATE_METHOD_MATCH = YES;
				COPY_PHASE_STRIP = NO;
				DEBUG_INFORMATION_FORMAT = "dwarf-with-dsym";
				ENABLE_NS_ASSERTIONS = NO;
				ENABLE_STRICT_OBJC_MSGSEND = YES;
				GCC_C_LANGUAGE_STANDARD = gnu11;
				GCC_NO_COMMON_BLOCKS = YES;
				GCC_WARN_64_TO_32_BIT_CONVERSION = YES;
				GCC_WARN_ABOUT_RETURN_TYPE = YES_ERROR;
				GCC_WARN_UNDECLARED_SELECTOR = YES;
				GCC_WARN_UNINITIALIZED_AUTOS = YES_AGGRESSIVE;
				GCC_WARN_UNUSED_FUNCTION = YES;
				GCC_WARN_UNUSED_VARIABLE = YES;
				IPHONEOS_DEPLOYMENT_TARGET = 15.5;
				MTL_ENABLE_DEBUG_INFO = NO;
				MTL_FAST_MATH = YES;
				SDKROOT = iphoneos;
				SWIFT_COMPILATION_MODE = wholemodule;
				SWIFT_OPTIMIZATION_LEVEL = "-O";
				VALIDATE_PRODUCT = YES;
			};
			name = Release;
		};
		09D6F8622927FEC2009F4573 /* Debug */ = {
			isa = XCBuildConfiguration;
			buildSettings = {
				ASSETCATALOG_COMPILER_APPICON_NAME = AppIcon;
				ASSETCATALOG_COMPILER_GLOBAL_ACCENT_COLOR_NAME = AccentColor;
				CODE_SIGN_STYLE = Automatic;
				CURRENT_PROJECT_VERSION = 1;
				DEVELOPMENT_ASSET_PATHS = "\"New Wave Store Set 5/Preview Content\"";
				DEVELOPMENT_TEAM = U7D887R932;
				ENABLE_PREVIEWS = YES;
				GENERATE_INFOPLIST_FILE = YES;
				INFOPLIST_KEY_UIApplicationSceneManifest_Generation = YES;
				INFOPLIST_KEY_UIApplicationSupportsIndirectInputEvents = YES;
				INFOPLIST_KEY_UILaunchScreen_Generation = YES;
				INFOPLIST_KEY_UISupportedInterfaceOrientations_iPad = "UIInterfaceOrientationPortrait UIInterfaceOrientationPortraitUpsideDown UIInterfaceOrientationLandscapeLeft UIInterfaceOrientationLandscapeRight";
				INFOPLIST_KEY_UISupportedInterfaceOrientations_iPhone = "UIInterfaceOrientationPortrait UIInterfaceOrientationLandscapeLeft UIInterfaceOrientationLandscapeRight";
				LD_RUNPATH_SEARCH_PATHS = (
					"$(inherited)",
					"@executable_path/Frameworks",
				);
				MARKETING_VERSION = 1.0;
				PRODUCT_BUNDLE_IDENTIFIER = "NewWaveComputers.New-Wave-Store-Set-5";
				PRODUCT_NAME = "$(TARGET_NAME)";
				SWIFT_EMIT_LOC_STRINGS = YES;
				SWIFT_VERSION = 5.0;
				TARGETED_DEVICE_FAMILY = "1,2";
			};
			name = Debug;
		};
		09D6F8632927FEC2009F4573 /* Release */ = {
			isa = XCBuildConfiguration;
			buildSettings = {
				ASSETCATALOG_COMPILER_APPICON_NAME = AppIcon;
				ASSETCATALOG_COMPILER_GLOBAL_ACCENT_COLOR_NAME = AccentColor;
				CODE_SIGN_STYLE = Automatic;
				CURRENT_PROJECT_VERSION = 1;
				DEVELOPMENT_ASSET_PATHS = "\"New Wave Store Set 5/Preview Content\"";
				DEVELOPMENT_TEAM = U7D887R932;
				ENABLE_PREVIEWS = YES;
				GENERATE_INFOPLIST_FILE = YES;
				INFOPLIST_KEY_UIApplicationSceneManifest_Generation = YES;
				INFOPLIST_KEY_UIApplicationSupportsIndirectInputEvents = YES;
				INFOPLIST_KEY_UILaunchScreen_Generation = YES;
				INFOPLIST_KEY_UISupportedInterfaceOrientations_iPad = "UIInterfaceOrientationPortrait UIInterfaceOrientationPortraitUpsideDown UIInterfaceOrientationLandscapeLeft UIInterfaceOrientationLandscapeRight";
				INFOPLIST_KEY_UISupportedInterfaceOrientations_iPhone = "UIInterfaceOrientationPortrait UIInterfaceOrientationLandscapeLeft UIInterfaceOrientationLandscapeRight";
				LD_RUNPATH_SEARCH_PATHS = (
					"$(inherited)",
					"@executable_path/Frameworks",
				);
				MARKETING_VERSION = 1.0;
				PRODUCT_BUNDLE_IDENTIFIER = "NewWaveComputers.New-Wave-Store-Set-5";
				PRODUCT_NAME = "$(TARGET_NAME)";
				SWIFT_EMIT_LOC_STRINGS = YES;
				SWIFT_VERSION = 5.0;
				TARGETED_DEVICE_FAMILY = "1,2";
			};
			name = Release;
		};
/* End XCBuildConfiguration section */

/* Begin XCConfigurationList section */
		09D6F84E2927FEC1009F4573 /* Build configuration list for PBXProject "New Wave Store Set 5" */ = {
			isa = XCConfigurationList;
			buildConfigurations = (
				09D6F85F2927FEC2009F4573 /* Debug */,
				09D6F8602927FEC2009F4573 /* Release */,
			);
			defaultConfigurationIsVisible = 0;
			defaultConfigurationName = Release;
		};
		09D6F8612927FEC2009F4573 /* Build configuration list for PBXNativeTarget "New Wave Store Set 5" */ = {
			isa = XCConfigurationList;
			buildConfigurations = (
				09D6F8622927FEC2009F4573 /* Debug */,
				09D6F8632927FEC2009F4573 /* Release */,
			);
			defaultConfigurationIsVisible = 0;
			defaultConfigurationName = Release;
		};
/* End XCConfigurationList section */
	};
	rootObject = 09D6F84B2927FEC1009F4573 /* Project object */;
}
